
Microsoft Visual Studio Solution File, Format Version 12.00
# Visual Studio Version 17
VisualStudioVersion = 17.0.31903.59
MinimumVisualStudioVersion = 10.0.40219.1
Project("{9A19103F-16F7-4668-BE54-9A1E7A4F7556}") = "SportsStore.Tests", "SportsStore.Tests\SportsStore.Tests.csproj", "{41A1910B-4B6B-4AD9-90E9-7A5902E4297A}"
EndProject
Project("{FAE04EC0-301F-11D3-BF4B-00C04F79EFBC}") = "SportsStore.Domain", "SportsStore.Domain\SportsStore.Domain.csproj", "{139948BA-1AE0-4CC7-B941-361D9BA7DF11}"
EndProject
Project("{FAE04EC0-301F-11D3-BF4B-00C04F79EFBC}") = "SportsStore.Application", "SportsStore.Application\SportsStore.Application.csproj", "{3783EF99-E961-468E-BD68-585BDA08D8C5}"
EndProject
Project("{FAE04EC0-301F-11D3-BF4B-00C04F79EFBC}") = "SportsStore.Infrastructure", "SportsStore.Infrastructure\SportsStore.Infrastructure.csproj", "{3F6CC46B-246B-45BE-8806-5D6D98CC2D85}"
EndProject
Project("{FAE04EC0-301F-11D3-BF4B-00C04F79EFBC}") = "SportsStore.Api", "SportsStore.Api\SportsStore.Api.csproj", "{DAD8CDF8-DF23-47BA-BF07-EE6264E12F4B}"
EndProject
Project("{FAE04EC0-301F-11D3-BF4B-00C04F79EFBC}") = "SportsStore.Blazor", "SportsStore.Blazor\SportsStore.Blazor.csproj", "{5157C97D-F724-4FBB-8B5B-FEAA3B743EC8}"
EndProject
Project("{FAE04EC0-301F-11D3-BF4B-00C04F79EFBC}") = "SportsStore.Inventory.Worker", "SportsStore.Inventory.Worker\SportsStore.Inventory.Worker.csproj", "{8EF0A493-850D-4E62-B4F5-6CC6B428A99D}"
EndProject
Project("{FAE04EC0-301F-11D3-BF4B-00C04F79EFBC}") = "SportsStore.Payment.Worker", "SportsStore.Payment.Worker\SportsStore.Payment.Worker.csproj", "{81F58E7F-B1FA-4C38-BD76-8B504327C28A}"
EndProject
Global
	GlobalSection(SolutionConfigurationPlatforms) = preSolution
		Debug|Any CPU = Debug|Any CPU
		Debug|x64 = Debug|x64
		Debug|x86 = Debug|x86
		Release|Any CPU = Release|Any CPU
		Release|x64 = Release|x64
		Release|x86 = Release|x86
	EndGlobalSection
	GlobalSection(ProjectConfigurationPlatforms) = postSolution
		{41A1910B-4B6B-4AD9-90E9-7A5902E4297A}.Debug|Any CPU.ActiveCfg = Debug|Any CPU
		{41A1910B-4B6B-4AD9-90E9-7A5902E4297A}.Debug|Any CPU.Build.0 = Debug|Any CPU
		{41A1910B-4B6B-4AD9-90E9-7A5902E4297A}.Debug|x64.ActiveCfg = Debug|Any CPU
		{41A1910B-4B6B-4AD9-90E9-7A5902E4297A}.Debug|x64.Build.0 = Debug|Any CPU
		{41A1910B-4B6B-4AD9-90E9-7A5902E4297A}.Debug|x86.ActiveCfg = Debug|Any CPU
		{41A1910B-4B6B-4AD9-90E9-7A5902E4297A}.Debug|x86.Build.0 = Debug|Any CPU
		{41A1910B-4B6B-4AD9-90E9-7A5902E4297A}.Release|Any CPU.ActiveCfg = Release|Any CPU
		{41A1910B-4B6B-4AD9-90E9-7A5902E4297A}.Release|Any CPU.Build.0 = Release|Any CPU
		{41A1910B-4B6B-4AD9-90E9-7A5902E4297A}.Release|x64.ActiveCfg = Release|Any CPU
		{41A1910B-4B6B-4AD9-90E9-7A5902E4297A}.Release|x64.Build.0 = Release|Any CPU
		{41A1910B-4B6B-4AD9-90E9-7A5902E4297A}.Release|x86.ActiveCfg = Release|Any CPU
		{41A1910B-4B6B-4AD9-90E9-7A5902E4297A}.Release|x86.Build.0 = Release|Any CPU
		{139948BA-1AE0-4CC7-B941-361D9BA7DF11}.Debug|Any CPU.ActiveCfg = Debug|Any CPU
		{139948BA-1AE0-4CC7-B941-361D9BA7DF11}.Debug|Any CPU.Build.0 = Debug|Any CPU
		{139948BA-1AE0-4CC7-B941-361D9BA7DF11}.Debug|x64.ActiveCfg = Debug|Any CPU
		{139948BA-1AE0-4CC7-B941-361D9BA7DF11}.Debug|x64.Build.0 = Debug|Any CPU
		{139948BA-1AE0-4CC7-B941-361D9BA7DF11}.Debug|x86.ActiveCfg = Debug|Any CPU
		{139948BA-1AE0-4CC7-B941-361D9BA7DF11}.Debug|x86.Build.0 = Debug|Any CPU
		{139948BA-1AE0-4CC7-B941-361D9BA7DF11}.Release|Any CPU.ActiveCfg = Release|Any CPU
		{139948BA-1AE0-4CC7-B941-361D9BA7DF11}.Release|Any CPU.Build.0 = Release|Any CPU
		{139948BA-1AE0-4CC7-B941-361D9BA7DF11}.Release|x64.ActiveCfg = Release|Any CPU
		{139948BA-1AE0-4CC7-B941-361D9BA7DF11}.Release|x64.Build.0 = Release|Any CPU
		{139948BA-1AE0-4CC7-B941-361D9BA7DF11}.Release|x86.ActiveCfg = Release|Any CPU
		{139948BA-1AE0-4CC7-B941-361D9BA7DF11}.Release|x86.Build.0 = Release|Any CPU
		{3783EF99-E961-468E-BD68-585BDA08D8C5}.Debug|Any CPU.ActiveCfg = Debug|Any CPU
		{3783EF99-E961-468E-BD68-585BDA08D8C5}.Debug|Any CPU.Build.0 = Debug|Any CPU
		{3783EF99-E961-468E-BD68-585BDA08D8C5}.Debug|x64.ActiveCfg = Debug|Any CPU
		{3783EF99-E961-468E-BD68-585BDA08D8C5}.Debug|x64.Build.0 = Debug|Any CPU
		{3783EF99-E961-468E-BD68-585BDA08D8C5}.Debug|x86.ActiveCfg = Debug|Any CPU
		{3783EF99-E961-468E-BD68-585BDA08D8C5}.Debug|x86.Build.0 = Debug|Any CPU
		{3783EF99-E961-468E-BD68-585BDA08D8C5}.Release|Any CPU.ActiveCfg = Release|Any CPU
		{3783EF99-E961-468E-BD68-585BDA08D8C5}.Release|Any CPU.Build.0 = Release|Any CPU
		{3783EF99-E961-468E-BD68-585BDA08D8C5}.Release|x64.ActiveCfg = Release|Any CPU
		{3783EF99-E961-468E-BD68-585BDA08D8C5}.Release|x64.Build.0 = Release|Any CPU
		{3783EF99-E961-468E-BD68-585BDA08D8C5}.Release|x86.ActiveCfg = Release|Any CPU
		{3783EF99-E961-468E-BD68-585BDA08D8C5}.Release|x86.Build.0 = Release|Any CPU
		{3F6CC46B-246B-45BE-8806-5D6D98CC2D85}.Debug|Any CPU.ActiveCfg = Debug|Any CPU
		{3F6CC46B-246B-45BE-8806-5D6D98CC2D85}.Debug|Any CPU.Build.0 = Debug|Any CPU
		{3F6CC46B-246B-45BE-8806-5D6D98CC2D85}.Debug|x64.ActiveCfg = Debug|Any CPU
		{3F6CC46B-246B-45BE-8806-5D6D98CC2D85}.Debug|x64.Build.0 = Debug|Any CPU
		{3F6CC46B-246B-45BE-8806-5D6D98CC2D85}.Debug|x86.ActiveCfg = Debug|Any CPU
		{3F6CC46B-246B-45BE-8806-5D6D98CC2D85}.Debug|x86.Build.0 = Debug|Any CPU
		{3F6CC46B-246B-45BE-8806-5D6D98CC2D85}.Release|Any CPU.ActiveCfg = Release|Any CPU
		{3F6CC46B-246B-45BE-8806-5D6D98CC2D85}.Release|Any CPU.Build.0 = Release|Any CPU
		{3F6CC46B-246B-45BE-8806-5D6D98CC2D85}.Release|x64.ActiveCfg = Release|Any CPU
		{3F6CC46B-246B-45BE-8806-5D6D98CC2D85}.Release|x64.Build.0 = Release|Any CPU
		{3F6CC46B-246B-45BE-8806-5D6D98CC2D85}.Release|x86.ActiveCfg = Release|Any CPU
		{3F6CC46B-246B-45BE-8806-5D6D98CC2D85}.Release|x86.Build.0 = Release|Any CPU
		{DAD8CDF8-DF23-47BA-BF07-EE6264E12F4B}.Debug|Any CPU.ActiveCfg = Debug|Any CPU
		{DAD8CDF8-DF23-47BA-BF07-EE6264E12F4B}.Debug|Any CPU.Build.0 = Debug|Any CPU
		{DAD8CDF8-DF23-47BA-BF07-EE6264E12F4B}.Debug|x64.ActiveCfg = Debug|Any CPU
		{DAD8CDF8-DF23-47BA-BF07-EE6264E12F4B}.Debug|x64.Build.0 = Debug|Any CPU
		{DAD8CDF8-DF23-47BA-BF07-EE6264E12F4B}.Debug|x86.ActiveCfg = Debug|Any CPU
		{DAD8CDF8-DF23-47BA-BF07-EE6264E12F4B}.Debug|x86.Build.0 = Debug|Any CPU
		{DAD8CDF8-DF23-47BA-BF07-EE6264E12F4B}.Release|Any CPU.ActiveCfg = Release|Any CPU
		{DAD8CDF8-DF23-47BA-BF07-EE6264E12F4B}.Release|Any CPU.Build.0 = Release|Any CPU
		{DAD8CDF8-DF23-47BA-BF07-EE6264E12F4B}.Release|x64.ActiveCfg = Release|Any CPU
		{DAD8CDF8-DF23-47BA-BF07-EE6264E12F4B}.Release|x64.Build.0 = Release|Any CPU
		{DAD8CDF8-DF23-47BA-BF07-EE6264E12F4B}.Release|x86.ActiveCfg = Release|Any CPU
		{DAD8CDF8-DF23-47BA-BF07-EE6264E12F4B}.Release|x86.Build.0 = Release|Any CPU
		{5157C97D-F724-4FBB-8B5B-FEAA3B743EC8}.Debug|Any CPU.ActiveCfg = Debug|Any CPU
		{5157C97D-F724-4FBB-8B5B-FEAA3B743EC8}.Debug|Any CPU.Build.0 = Debug|Any CPU
		{5157C97D-F724-4FBB-8B5B-FEAA3B743EC8}.Debug|x64.ActiveCfg = Debug|Any CPU
		{5157C97D-F724-4FBB-8B5B-FEAA3B743EC8}.Debug|x64.Build.0 = Debug|Any CPU
		{5157C97D-F724-4FBB-8B5B-FEAA3B743EC8}.Debug|x86.ActiveCfg = Debug|Any CPU
		{5157C97D-F724-4FBB-8B5B-FEAA3B743EC8}.Debug|x86.Build.0 = Debug|Any CPU
		{5157C97D-F724-4FBB-8B5B-FEAA3B743EC8}.Release|Any CPU.ActiveCfg = Release|Any CPU
		{5157C97D-F724-4FBB-8B5B-FEAA3B743EC8}.Release|Any CPU.Build.0 = Release|Any CPU
		{5157C97D-F724-4FBB-8B5B-FEAA3B743EC8}.Release|x64.ActiveCfg = Release|Any CPU
		{5157C97D-F724-4FBB-8B5B-FEAA3B743EC8}.Release|x64.Build.0 = Release|Any CPU
		{5157C97D-F724-4FBB-8B5B-FEAA3B743EC8}.Release|x86.ActiveCfg = Release|Any CPU
		{5157C97D-F724-4FBB-8B5B-FEAA3B743EC8}.Release|x86.Build.0 = Release|Any CPU
		{8EF0A493-850D-4E62-B4F5-6CC6B428A99D}.Debug|Any CPU.ActiveCfg = Debug|Any CPU
		{8EF0A493-850D-4E62-B4F5-6CC6B428A99D}.Debug|Any CPU.Build.0 = Debug|Any CPU
		{8EF0A493-850D-4E62-B4F5-6CC6B428A99D}.Debug|x64.ActiveCfg = Debug|Any CPU
		{8EF0A493-850D-4E62-B4F5-6CC6B428A99D}.Debug|x64.Build.0 = Debug|Any CPU
		{8EF0A493-850D-4E62-B4F5-6CC6B428A99D}.Debug|x86.ActiveCfg = Debug|Any CPU
		{8EF0A493-850D-4E62-B4F5-6CC6B428A99D}.Debug|x86.Build.0 = Debug|Any CPU
		{8EF0A493-850D-4E62-B4F5-6CC6B428A99D}.Release|Any CPU.ActiveCfg = Release|Any CPU
		{8EF0A493-850D-4E62-B4F5-6CC6B428A99D}.Release|Any CPU.Build.0 = Release|Any CPU
		{8EF0A493-850D-4E62-B4F5-6CC6B428A99D}.Release|x64.ActiveCfg = Release|Any CPU
		{8EF0A493-850D-4E62-B4F5-6CC6B428A99D}.Release|x64.Build.0 = Release|Any CPU
		{8EF0A493-850D-4E62-B4F5-6CC6B428A99D}.Release|x86.ActiveCfg = Release|Any CPU
		{8EF0A493-850D-4E62-B4F5-6CC6B428A99D}.Release|x86.Build.0 = Release|Any CPU
		{81F58E7F-B1FA-4C38-BD76-8B504327C28A}.Debug|Any CPU.ActiveCfg = Debug|Any CPU
		{81F58E7F-B1FA-4C38-BD76-8B504327C28A}.Debug|Any CPU.Build.0 = Debug|Any CPU
		{81F58E7F-B1FA-4C38-BD76-8B504327C28A}.Debug|x64.ActiveCfg = Debug|Any CPU
		{81F58E7F-B1FA-4C38-BD76-8B504327C28A}.Debug|x64.Build.0 = Debug|Any CPU
		{81F58E7F-B1FA-4C38-BD76-8B504327C28A}.Debug|x86.ActiveCfg = Debug|Any CPU
		{81F58E7F-B1FA-4C38-BD76-8B504327C28A}.Debug|x86.Build.0 = Debug|Any CPU
		{81F58E7F-B1FA-4C38-BD76-8B504327C28A}.Release|Any CPU.ActiveCfg = Release|Any CPU
		{81F58E7F-B1FA-4C38-BD76-8B504327C28A}.Release|Any CPU.Build.0 = Release|Any CPU
		{81F58E7F-B1FA-4C38-BD76-8B504327C28A}.Release|x64.ActiveCfg = Release|Any CPU
		{81F58E7F-B1FA-4C38-BD76-8B504327C28A}.Release|x64.Build.0 = Release|Any CPU
		{81F58E7F-B1FA-4C38-BD76-8B504327C28A}.Release|x86.ActiveCfg = Release|Any CPU
		{81F58E7F-B1FA-4C38-BD76-8B504327C28A}.Release|x86.Build.0 = Release|Any CPU
	EndGlobalSection
	GlobalSection(SolutionProperties) = preSolution
		HideSolutionNode = FALSE
	EndGlobalSection
	GlobalSection(ExtensibilityGlobals) = postSolution
		SolutionGuid = {D43E9001-2FC5-4D3A-930E-8BEA1EDB742D}
	EndGlobalSection
EndGlobal
